// !$*UTF8*$!
{
	archiveVersion = 1;
	classes = {
	};
	objectVersion = 46;
	objects = {

/* Begin PBXBuildFile section */
		5437BEA81AE8D52B00AE8F2B /* lens.png in Resources */ = {isa = PBXBuildFile; fileRef = 5437BEA71AE8D52B00AE8F2B /* lens.png */; };
		5437BEAA1AE8DD2C00AE8F2B /* DetailViewController.swift in Sources */ = {isa = PBXBuildFile; fileRef = 5437BEA91AE8DD2C00AE8F2B /* DetailViewController.swift */; };
		548BABA91AE486FB0031DB3C /* AppDelegate.swift in Sources */ = {isa = PBXBuildFile; fileRef = 548BABA81AE486FB0031DB3C /* AppDelegate.swift */; };
		548BABAB1AE486FB0031DB3C /* ViewController.swift in Sources */ = {isa = PBXBuildFile; fileRef = 548BABAA1AE486FB0031DB3C /* ViewController.swift */; };
		548BABAE1AE486FB0031DB3C /* Main.storyboard in Resources */ = {isa = PBXBuildFile; fileRef = 548BABAC1AE486FB0031DB3C /* Main.storyboard */; };
		548BABB01AE486FB0031DB3C /* Images.xcassets in Resources */ = {isa = PBXBuildFile; fileRef = 548BABAF1AE486FB0031DB3C /* Images.xcassets */; };
		548BABB31AE486FB0031DB3C /* LaunchScreen.xib in Resources */ = {isa = PBXBuildFile; fileRef = 548BABB11AE486FB0031DB3C /* LaunchScreen.xib */; };
		548BABBF1AE486FB0031DB3C /* PHPAppTests.swift in Sources */ = {isa = PBXBuildFile; fileRef = 548BABBE1AE486FB0031DB3C /* PHPAppTests.swift */; };
		54AAFEAE1AF0C00E0047454B /* InfoPlist.strings in Resources */ = {isa = PBXBuildFile; fileRef = 54AAFEB01AF0C00E0047454B /* InfoPlist.strings */; };
		54CB6E721AE4CBF800FB2462 /* MyTableViewCell.swift in Sources */ = {isa = PBXBuildFile; fileRef = 54CB6E711AE4CBF800FB2462 /* MyTableViewCell.swift */; };
/* End PBXBuildFile section */

/* Begin PBXContainerItemProxy section */
		548BABB91AE486FB0031DB3C /* PBXContainerItemProxy */ = {
			isa = PBXContainerItemProxy;
			containerPortal = 548BAB9B1AE486FB0031DB3C /* Project object */;
			proxyType = 1;
			remoteGlobalIDString = 548BABA21AE486FB0031DB3C;
			remoteInfo = PHPApp;
		};
/* End PBXContainerItemProxy section */

/* Begin PBXFileReference section */
		5437BEA71AE8D52B00AE8F2B /* lens.png */ = {isa = PBXFileReference; lastKnownFileType = image.png; path = lens.png; sourceTree = "<group>"; };
		5437BEA91AE8DD2C00AE8F2B /* DetailViewController.swift */ = {isa = PBXFileReference; fileEncoding = 4; lastKnownFileType = sourcecode.swift; path = DetailViewController.swift; sourceTree = "<group>"; };
		548BABA31AE486FB0031DB3C /* PHPApp.app */ = {isa = PBXFileReference; explicitFileType = wrapper.application; includeInIndex = 0; path = PHPApp.app; sourceTree = BUILT_PRODUCTS_DIR; };
		548BABA71AE486FB0031DB3C /* Info.plist */ = {isa = PBXFileReference; lastKnownFileType = text.plist.xml; path = Info.plist; sourceTree = "<group>"; };
		548BABA81AE486FB0031DB3C /* AppDelegate.swift */ = {isa = PBXFileReference; lastKnownFileType = sourcecode.swift; path = AppDelegate.swift; sourceTree = "<group>"; };
		548BABAA1AE486FB0031DB3C /* ViewController.swift */ = {isa = PBXFileReference; lastKnownFileType = sourcecode.swift; path = ViewController.swift; sourceTree = "<group>"; };
		548BABAD1AE486FB0031DB3C /* Base */ = {isa = PBXFileReference; lastKnownFileType = file.storyboard; name = Base; path = Base.lproj/Main.storyboard; sourceTree = "<group>"; };
		548BABAF1AE486FB0031DB3C /* Images.xcassets */ = {isa = PBXFileReference; lastKnownFileType = folder.assetcatalog; path = Images.xcassets; sourceTree = "<group>"; };
		548BABB21AE486FB0031DB3C /* Base */ = {isa = PBXFileReference; lastKnownFileType = file.xib; name = Base; path = Base.lproj/LaunchScreen.xib; sourceTree = "<group>"; };
		548BABB81AE486FB0031DB3C /* PHPAppTests.xctest */ = {isa = PBXFileReference; explicitFileType = wrapper.cfbundle; includeInIndex = 0; path = PHPAppTests.xctest; sourceTree = BUILT_PRODUCTS_DIR; };
		548BABBD1AE486FB0031DB3C /* Info.plist */ = {isa = PBXFileReference; lastKnownFileType = text.plist.xml; path = Info.plist; sourceTree = "<group>"; };
		548BABBE1AE486FB0031DB3C /* PHPAppTests.swift */ = {isa = PBXFileReference; lastKnownFileType = sourcecode.swift; path = PHPAppTests.swift; sourceTree = "<group>"; };
		54AAFEAF1AF0C00E0047454B /* Base */ = {isa = PBXFileReference; lastKnownFileType = text.plist.strings; name = Base; path = Base.lproj/InfoPlist.strings; sourceTree = "<group>"; };
		54AAFEB11AF0C1410047454B /* zh-Hant */ = {isa = PBXFileReference; lastKnownFileType = text.plist.strings; name = "zh-Hant"; path = "zh-Hant.lproj/InfoPlist.strings"; sourceTree = "<group>"; };
		54CB6E711AE4CBF800FB2462 /* MyTableViewCell.swift */ = {isa = PBXFileReference; fileEncoding = 4; lastKnownFileType = sourcecode.swift; path = MyTableViewCell.swift; sourceTree = "<group>"; };
/* End PBXFileReference section */

/* Begin PBXFrameworksBuildPhase section */
		548BABA01AE486FB0031DB3C /* Frameworks */ = {
			isa = PBXFrameworksBuildPhase;
			buildActionMask = 2147483647;
			files = (
			);
			runOnlyForDeploymentPostprocessing = 0;
		};
		548BABB51AE486FB0031DB3C /* Frameworks */ = {
			isa = PBXFrameworksBuildPhase;
			buildActionMask = 2147483647;
			files = (
			);
			runOnlyForDeploymentPostprocessing = 0;
		};
/* End PBXFrameworksBuildPhase section */

/* Begin PBXGroup section */
		5437BEA61AE8D52B00AE8F2B /* images */ = {
			isa = PBXGroup;
			children = (
				5437BEA71AE8D52B00AE8F2B /* lens.png */,
			);
			path = images;
			sourceTree = "<group>";
		};
		548BAB9A1AE486FB0031DB3C = {
			isa = PBXGroup;
			children = (
				548BABA51AE486FB0031DB3C /* PHPApp */,
				548BABBB1AE486FB0031DB3C /* PHPAppTests */,
				548BABA41AE486FB0031DB3C /* Products */,
			);
			sourceTree = "<group>";
		};
		548BABA41AE486FB0031DB3C /* Products */ = {
			isa = PBXGroup;
			children = (
				548BABA31AE486FB0031DB3C /* PHPApp.app */,
				548BABB81AE486FB0031DB3C /* PHPAppTests.xctest */,
			);
			name = Products;
			sourceTree = "<group>";
		};
		548BABA51AE486FB0031DB3C /* PHPApp */ = {
			isa = PBXGroup;
			children = (
				5437BEA61AE8D52B00AE8F2B /* images */,
				548BABA81AE486FB0031DB3C /* AppDelegate.swift */,
				548BABAA1AE486FB0031DB3C /* ViewController.swift */,
				548BABAC1AE486FB0031DB3C /* Main.storyboard */,
				548BABAF1AE486FB0031DB3C /* Images.xcassets */,
				548BABB11AE486FB0031DB3C /* LaunchScreen.xib */,
				548BABA61AE486FB0031DB3C /* Supporting Files */,
				54CB6E711AE4CBF800FB2462 /* MyTableViewCell.swift */,
				5437BEA91AE8DD2C00AE8F2B /* DetailViewController.swift */,
				54AAFEB01AF0C00E0047454B /* InfoPlist.strings */,
			);
			path = PHPApp;
			sourceTree = "<group>";
		};
		548BABA61AE486FB0031DB3C /* Supporting Files */ = {
			isa = PBXGroup;
			children = (
				548BABA71AE486FB0031DB3C /* Info.plist */,
			);
			name = "Supporting Files";
			sourceTree = "<group>";
		};
		548BABBB1AE486FB0031DB3C /* PHPAppTests */ = {
			isa = PBXGroup;
			children = (
				548BABBE1AE486FB0031DB3C /* PHPAppTests.swift */,
				548BABBC1AE486FB0031DB3C /* Supporting Files */,
			);
			path = PHPAppTests;
			sourceTree = "<group>";
		};
		548BABBC1AE486FB0031DB3C /* Supporting Files */ = {
			isa = PBXGroup;
			children = (
				548BABBD1AE486FB0031DB3C /* Info.plist */,
			);
			name = "Supporting Files";
			sourceTree = "<group>";
		};
/* End PBXGroup section */

/* Begin PBXNativeTarget section */
		548BABA21AE486FB0031DB3C /* PHPApp */ = {
			isa = PBXNativeTarget;
			buildConfigurationList = 548BABC21AE486FB0031DB3C /* Build configuration list for PBXNativeTarget "PHPApp" */;
			buildPhases = (
				548BAB9F1AE486FB0031DB3C /* Sources */,
				548BABA01AE486FB0031DB3C /* Frameworks */,
				548BABA11AE486FB0031DB3C /* Resources */,
			);
			buildRules = (
			);
			dependencies = (
			);
			name = PHPApp;
			productName = PHPApp;
			productReference = 548BABA31AE486FB0031DB3C /* PHPApp.app */;
			productType = "com.apple.product-type.application";
		};
		548BABB71AE486FB0031DB3C /* PHPAppTests */ = {
			isa = PBXNativeTarget;
			buildConfigurationList = 548BABC51AE486FB0031DB3C /* Build configuration list for PBXNativeTarget "PHPAppTests" */;
			buildPhases = (
				548BABB41AE486FB0031DB3C /* Sources */,
				548BABB51AE486FB0031DB3C /* Frameworks */,
				548BABB61AE486FB0031DB3C /* Resources */,
			);
			buildRules = (
			);
			dependencies = (
				548BABBA1AE486FB0031DB3C /* PBXTargetDependency */,
			);
			name = PHPAppTests;
			productName = PHPAppTests;
			productReference = 548BABB81AE486FB0031DB3C /* PHPAppTests.xctest */;
			productType = "com.apple.product-type.bundle.unit-test";
		};
/* End PBXNativeTarget section */

/* Begin PBXProject section */
		548BAB9B1AE486FB0031DB3C /* Project object */ = {
			isa = PBXProject;
			attributes = {
				LastUpgradeCheck = 0620;
				ORGANIZATIONNAME = perkin;
				TargetAttributes = {
					548BABA21AE486FB0031DB3C = {
						CreatedOnToolsVersion = 6.2;
					};
					548BABB71AE486FB0031DB3C = {
						CreatedOnToolsVersion = 6.2;
						TestTargetID = 548BABA21AE486FB0031DB3C;
					};
				};
			};
			buildConfigurationList = 548BAB9E1AE486FB0031DB3C /* Build configuration list for PBXProject "PHPApp" */;
			compatibilityVersion = "Xcode 3.2";
			developmentRegion = English;
			hasScannedForEncodings = 0;
			knownRegions = (
				en,
				Base,
				"zh-Hant",
			);
			mainGroup = 548BAB9A1AE486FB0031DB3C;
			productRefGroup = 548BABA41AE486FB0031DB3C /* Products */;
			projectDirPath = "";
			projectRoot = "";
			targets = (
				548BABA21AE486FB0031DB3C /* PHPApp */,
				548BABB71AE486FB0031DB3C /* PHPAppTests */,
			);
		};
/* End PBXProject section */

/* Begin PBXResourcesBuildPhase section */
		548BABA11AE486FB0031DB3C /* Resources */ = {
			isa = PBXResourcesBuildPhase;
			buildActionMask = 2147483647;
			files = (
				548BABAE1AE486FB0031DB3C /* Main.storyboard in Resources */,
				5437BEA81AE8D52B00AE8F2B /* lens.png in Resources */,
				548BABB31AE486FB0031DB3C /* LaunchScreen.xib in Resources */,
				548BABB01AE486FB0031DB3C /* Images.xcassets in Resources */,
				54AAFEAE1AF0C00E0047454B /* InfoPlist.strings in Resources */,
			);
			runOnlyForDeploymentPostprocessing = 0;
		};
		548BABB61AE486FB0031DB3C /* Resources */ = {
			isa = PBXResourcesBuildPhase;
			buildActionMask = 2147483647;
			files = (
			);
			runOnlyForDeploymentPostprocessing = 0;
		};
/* End PBXResourcesBuildPhase section */

/* Begin PBXSourcesBuildPhase section */
		548BAB9F1AE486FB0031DB3C /* Sources */ = {
			isa = PBXSourcesBuildPhase;
			buildActionMask = 2147483647;
			files = (
				548BABAB1AE486FB0031DB3C /* ViewController.swift in Sources */,
				548BABA91AE486FB0031DB3C /* AppDelegate.swift in Sources */,
				54CB6E721AE4CBF800FB2462 /* MyTableViewCell.swift in Sources */,
				5437BEAA1AE8DD2C00AE8F2B /* DetailViewController.swift in Sources */,
			);
			runOnlyForDeploymentPostprocessing = 0;
		};
		548BABB41AE486FB0031DB3C /* Sources */ = {
			isa = PBXSourcesBuildPhase;
			buildActionMask = 2147483647;
			files = (
				548BABBF1AE486FB0031DB3C /* PHPAppTests.swift in Sources */,
			);
			runOnlyForDeploymentPostprocessing = 0;
		};
/* End PBXSourcesBuildPhase section */

/* Begin PBXTargetDependency section */
		548BABBA1AE486FB0031DB3C /* PBXTargetDependency */ = {
			isa = PBXTargetDependency;
			target = 548BABA21AE486FB0031DB3C /* PHPApp */;
			targetProxy = 548BABB91AE486FB0031DB3C /* PBXContainerItemProxy */;
		};
/* End PBXTargetDependency section */

/* Begin PBXVariantGroup section */
		548BABAC1AE486FB0031DB3C /* Main.storyboard */ = {
			isa = PBXVariantGroup;
			children = (
				548BABAD1AE486FB0031DB3C /* Base */,
			);
			name = Main.storyboard;
			sourceTree = "<group>";
		};
		548BABB11AE486FB0031DB3C /* LaunchScreen.xib */ = {
			isa = PBXVariantGroup;
			children = (
				548BABB21AE486FB0031DB3C /* Base */,
			);
			name = LaunchScreen.xib;
			sourceTree = "<group>";
		};
		54AAFEB01AF0C00E0047454B /* InfoPlist.strings */ = {
			isa = PBXVariantGroup;
			children = (
				54AAFEAF1AF0C00E0047454B /* Base */,
				54AAFEB11AF0C1410047454B /* zh-Hant */,
			);
			name = InfoPlist.strings;
			sourceTree = "<group>";
		};
/* End PBXVariantGroup section */

/* Begin XCBuildConfiguration section */
		548BABC01AE486FB0031DB3C /* Debug */ = {
			isa = XCBuildConfiguration;
			buildSettings = {
				ALWAYS_SEARCH_USER_PATHS = NO;
				CLANG_CXX_LANGUAGE_STANDARD = "gnu++0x";
				CLANG_CXX_LIBRARY = "libc++";
				CLANG_ENABLE_MODULES = YES;
				CLANG_ENABLE_OBJC_ARC = YES;
				CLANG_WARN_BOOL_CONVERSION = YES;
				CLANG_WARN_CONSTANT_CONVERSION = YES;
				CLANG_WARN_DIRECT_OBJC_ISA_USAGE = YES_ERROR;
				CLANG_WARN_EMPTY_BODY = YES;
				CLANG_WARN_ENUM_CONVERSION = YES;
				CLANG_WARN_INT_CONVERSION = YES;
				CLANG_WARN_OBJC_ROOT_CLASS = YES_ERROR;
				CLANG_WARN_UNREACHABLE_CODE = YES;
				CLANG_WARN__DUPLICATE_METHOD_MATCH = YES;
				"CODE_SIGN_IDENTITY[sdk=iphoneos*]" = "iPhone Developer";
				COPY_PHASE_STRIP = NO;
				ENABLE_STRICT_OBJC_MSGSEND = YES;
				GCC_C_LANGUAGE_STANDARD = gnu99;
				GCC_DYNAMIC_NO_PIC = NO;
				GCC_OPTIMIZATION_LEVEL = 0;
				GCC_PREPROCESSOR_DEFINITIONS = (
					"DEBUG=1",
					"$(inherited)",
				);
				GCC_SYMBOLS_PRIVATE_EXTERN = NO;
				GCC_WARN_64_TO_32_BIT_CONVERSION = YES;
				GCC_WARN_ABOUT_RETURN_TYPE = YES_ERROR;
				GCC_WARN_UNDECLARED_SELECTOR = YES;
				GCC_WARN_UNINITIALIZED_AUTOS = YES_AGGRESSIVE;
				GCC_WARN_UNUSED_FUNCTION = YES;
				GCC_WARN_UNUSED_VARIABLE = YES;
				IPHONEOS_DEPLOYMENT_TARGET = 8.2;
				MTL_ENABLE_DEBUG_INFO = YES;
				ONLY_ACTIVE_ARCH = YES;
				SDKROOT = iphoneos;
				SWIFT_OPTIMIZATION_LEVEL = "-Onone";
				TARGETED_DEVICE_FAMILY = "1,2";
			};
			name = Debug;
		};
		548BABC11AE486FB0031DB3C /* Release */ = {
			isa = XCBuildConfiguration;
			buildSettings = {
				ALWAYS_SEARCH_USER_PATHS = NO;
				CLANG_CXX_LANGUAGE_STANDARD = "gnu++0x";
				CLANG_CXX_LIBRARY = "libc++";
				CLANG_ENABLE_MODULES = YES;
				CLANG_ENABLE_OBJC_ARC = YES;
				CLANG_WARN_BOOL_CONVERSION = YES;
				CLANG_WARN_CONSTANT_CONVERSION = YES;
				CLANG_WARN_DIRECT_OBJC_ISA_USAGE = YES_ERROR;
				CLANG_WARN_EMPTY_BODY = YES;
				CLANG_WARN_ENUM_CONVERSION = YES;
				CLANG_WARN_INT_CONVERSION = YES;
				CLANG_WARN_OBJC_ROOT_CLASS = YES_ERROR;
				CLANG_WARN_UNREACHABLE_CODE = YES;
				CLANG_WARN__DUPLICATE_METHOD_MATCH = YES;
				"CODE_SIGN_IDENTITY[sdk=iphoneos*]" = "iPhone Developer";
				COPY_PHASE_STRIP = NO;
				ENABLE_NS_ASSERTIONS = NO;
				ENABLE_STRICT_OBJC_MSGSEND = YES;
				GCC_C_LANGUAGE_STANDARD = gnu99;
				GCC_WARN_64_TO_32_BIT_CONVERSION = YES;
				GCC_WARN_ABOUT_RETURN_TYPE = YES_ERROR;
				GCC_WARN_UNDECLARED_SELECTOR = YES;
				GCC_WARN_UNINITIALIZED_AUTOS = YES_AGGRESSIVE;
				GCC_WARN_UNUSED_FUNCTION = YES;
				GCC_WARN_UNUSED_VARIABLE = YES;
				IPHONEOS_DEPLOYMENT_TARGET = 8.2;
				MTL_ENABLE_DEBUG_INFO = NO;
				SDKROOT = iphoneos;
				TARGETED_DEVICE_FAMILY = "1,2";
				VALIDATE_PRODUCT = YES;
			};
			name = Release;
		};
		548BABC31AE486FB0031DB3C /* Debug */ = {
			isa = XCBuildConfiguration;
			buildSettings = {
				ASSETCATALOG_COMPILER_APPICON_NAME = AppIcon;
				INFOPLIST_FILE = PHPApp/Info.plist;
				LD_RUNPATH_SEARCH_PATHS = "$(inherited) @executable_path/Frameworks";
				PRODUCT_NAME = "$(TARGET_NAME)";
			};
			name = Debug;
		};
		548BABC41AE486FB0031DB3C /* Release */ = {
			isa = XCBuildConfiguration;
			buildSettings = {
				ASSETCATALOG_COMPILER_APPICON_NAME = AppIcon;
				INFOPLIST_FILE = PHPApp/Info.plist;
				LD_RUNPATH_SEARCH_PATHS = "$(inherited) @executable_path/Frameworks";
				PRODUCT_NAME = "$(TARGET_NAME)";
			};
			name = Release;
		};
		548BABC61AE486FB0031DB3C /* Debug */ = {
			isa = XCBuildConfiguration;
			buildSettings = {
				BUNDLE_LOADER = "$(TEST_HOST)";
				FRAMEWORK_SEARCH_PATHS = (
					"$(SDKROOT)/Developer/Library/Frameworks",
					"$(inherited)",
				);
				GCC_PREPROCESSOR_DEFINITIONS = (
					"DEBUG=1",
					"$(inherited)",
				);
				INFOPLIST_FILE = PHPAppTests/Info.plist;
				LD_RUNPATH_SEARCH_PATHS = "$(inherited) @executable_path/Frameworks @loader_path/Frameworks";
				PRODUCT_NAME = "$(TARGET_NAME)";
				TEST_HOST = "$(BUILT_PRODUCTS_DIR)/PHPApp.app/PHPApp";
			};
			name = Debug;
		};
		548BABC71AE486FB0031DB3C /* Release */ = {
			isa = XCBuildConfiguration;
			buildSettings = {
				BUNDLE_LOADER = "$(TEST_HOST)";
				FRAMEWORK_SEARCH_PATHS = (
					"$(SDKROOT)/Developer/Library/Frameworks",
					"$(inherited)",
				);
				INFOPLIST_FILE = PHPAppTests/Info.plist;
				LD_RUNPATH_SEARCH_PATHS = "$(inherited) @executable_path/Frameworks @loader_path/Frameworks";
				PRODUCT_NAME = "$(TARGET_NAME)";
				TEST_HOST = "$(BUILT_PRODUCTS_DIR)/PHPApp.app/PHPApp";
			};
			name = Release;
		};
/* End XCBuildConfiguration section */

/* Begin XCConfigurationList section */
		548BAB9E1AE486FB0031DB3C /* Build configuration list for PBXProject "PHPApp" */ = {
			isa = XCConfigurationList;
			buildConfigurations = (
				548BABC01AE486FB0031DB3C /* Debug */,
				548BABC11AE486FB0031DB3C /* Release */,
			);
			defaultConfigurationIsVisible = 0;
			defaultConfigurationName = Release;
		};
		548BABC21AE486FB0031DB3C /* Build configuration list for PBXNativeTarget "PHPApp" */ = {
			isa = XCConfigurationList;
			buildConfigurations = (
				548BABC31AE486FB0031DB3C /* Debug */,
				548BABC41AE486FB0031DB3C /* Release */,
			);
			defaultConfigurationIsVisible = 0;
			defaultConfigurationName = Release;
		};
		548BABC51AE486FB0031DB3C /* Build configuration list for PBXNativeTarget "PHPAppTests" */ = {
			isa = XCConfigurationList;
			buildConfigurations = (
				548BABC61AE486FB0031DB3C /* Debug */,
				548BABC71AE486FB0031DB3C /* Release */,
			);
			defaultConfigurationIsVisible = 0;
			defaultConfigurationName = Release;
		};
/* End XCConfigurationList section */
	};
	rootObject = 548BAB9B1AE486FB0031DB3C /* Project object */;
}
